
Microsoft Visual Studio Solution File, Format Version 12.00
# Visual Studio 15
Project("{FAE04EC0-301F-11D3-BF4B-00C04F79EFBC}") = "sqlmap-automation", "sqlmap-automation\sqlmap-automation.csproj", "{C7721892-31C2-4F6F-80D8-977FDB2FF788}"
EndProject
Global
	GlobalSection(SolutionConfigurationPlatforms) = preSolution
		Debug|Any CPU = Debug|Any CPU
		Release|Any CPU = Release|Any CPU
	EndGlobalSection
	GlobalSection(ProjectConfigurationPlatforms) = postSolution
		{C7721892-31C2-4F6F-80D8-977FDB2FF788}.Debug|Any CPU.ActiveCfg = Debug|Any CPU
		{C7721892-31C2-4F6F-80D8-977FDB2FF788}.Debug|Any CPU.Build.0 = Debug|Any CPU
		{C7721892-31C2-4F6F-80D8-977FDB2FF788}.Release|Any CPU.ActiveCfg = Release|Any CPU
		{C7721892-31C2-4F6F-80D8-977FDB2FF788}.Release|Any CPU.Build.0 = Release|Any CPU
	EndGlobalSection
EndGlobal
